// !$*UTF8*$!
{
	archiveVersion = 1;
	classes = {
	};
	objectVersion = 56;
	objects = {

/* Begin PBXBuildFile section */
		3E9994722D053F5E0042A69C /* RestaurantsTVC.swift in Sources */ = {isa = PBXBuildFile; fileRef = 3E9994702D053F5E0042A69C /* RestaurantsTVC.swift */; };
		3E9994732D053F5E0042A69C /* RestaurantsTVC.xib in Resources */ = {isa = PBXBuildFile; fileRef = 3E9994712D053F5E0042A69C /* RestaurantsTVC.xib */; };
		3E9994782D0547A00042A69C /* DishesTVC.swift in Sources */ = {isa = PBXBuildFile; fileRef = 3E9994762D0547A00042A69C /* DishesTVC.swift */; };
		3E9994792D0547A00042A69C /* DishesTVC.xib in Resources */ = {isa = PBXBuildFile; fileRef = 3E9994772D0547A00042A69C /* DishesTVC.xib */; };
		3E99947C2D0549CD0042A69C /* DishesCVC.swift in Sources */ = {isa = PBXBuildFile; fileRef = 3E99947A2D0549CD0042A69C /* DishesCVC.swift */; };
		3E99947D2D0549CD0042A69C /* DishesCVC.xib in Resources */ = {isa = PBXBuildFile; fileRef = 3E99947B2D0549CD0042A69C /* DishesCVC.xib */; };
		686A4B892D04A5BC00D4D5BD /* FoodWeekTVCell.xib in Resources */ = {isa = PBXBuildFile; fileRef = 686A4B882D04A5BC00D4D5BD /* FoodWeekTVCell.xib */; };
		686A4B8A2D04A5BC00D4D5BD /* FoodWeekTVCell.swift in Sources */ = {isa = PBXBuildFile; fileRef = 686A4B872D04A5BC00D4D5BD /* FoodWeekTVCell.swift */; };
		686A4B8D2D04A65400D4D5BD /* FoodWeekCollectionViewCell.xib in Resources */ = {isa = PBXBuildFile; fileRef = 686A4B8C2D04A65400D4D5BD /* FoodWeekCollectionViewCell.xib */; };
		686A4B8E2D04A65400D4D5BD /* FoodWeekCollectionViewCell.swift in Sources */ = {isa = PBXBuildFile; fileRef = 686A4B8B2D04A65400D4D5BD /* FoodWeekCollectionViewCell.swift */; };
		C7559C5D2D040F0900DF5907 /* AppDelegate.swift in Sources */ = {isa = PBXBuildFile; fileRef = C7559C5C2D040F0900DF5907 /* AppDelegate.swift */; };
		C7559C5F2D040F0900DF5907 /* SceneDelegate.swift in Sources */ = {isa = PBXBuildFile; fileRef = C7559C5E2D040F0900DF5907 /* SceneDelegate.swift */; };
		C7559C612D040F0900DF5907 /* MainViewController.swift in Sources */ = {isa = PBXBuildFile; fileRef = C7559C602D040F0900DF5907 /* MainViewController.swift */; };
		C7559C642D040F0900DF5907 /* Main.storyboard in Resources */ = {isa = PBXBuildFile; fileRef = C7559C622D040F0900DF5907 /* Main.storyboard */; };
		C7559C662D040F0A00DF5907 /* Assets.xcassets in Resources */ = {isa = PBXBuildFile; fileRef = C7559C652D040F0A00DF5907 /* Assets.xcassets */; };
		C7559C692D040F0A00DF5907 /* LaunchScreen.storyboard in Resources */ = {isa = PBXBuildFile; fileRef = C7559C672D040F0A00DF5907 /* LaunchScreen.storyboard */; };
		C7559C712D04106A00DF5907 /* DetailsViewController.swift in Sources */ = {isa = PBXBuildFile; fileRef = C7559C702D04106A00DF5907 /* DetailsViewController.swift */; };
		C7559C782D041CB800DF5907 /* StickyHeaderView.swift in Sources */ = {isa = PBXBuildFile; fileRef = C7559C772D041CB700DF5907 /* StickyHeaderView.swift */; };
		C7559C7A2D041D4800DF5907 /* StickyHeaderView.xib in Resources */ = {isa = PBXBuildFile; fileRef = C7559C792D041D4800DF5907 /* StickyHeaderView.xib */; };
		C75770302D042EBA00CDBBDC /* CustomView.swift in Sources */ = {isa = PBXBuildFile; fileRef = C757702F2D042EBA00CDBBDC /* CustomView.swift */; };
		C75770332D04320100CDBBDC /* flatOffCVCell.swift in Sources */ = {isa = PBXBuildFile; fileRef = C75770312D04320100CDBBDC /* flatOffCVCell.swift */; };
		C75770342D04320100CDBBDC /* flatOffCVCell.xib in Resources */ = {isa = PBXBuildFile; fileRef = C75770322D04320100CDBBDC /* flatOffCVCell.xib */; };
		C75770362D0444CF00CDBBDC /* EstimateItemStatus.swift in Sources */ = {isa = PBXBuildFile; fileRef = C75770352D0444CF00CDBBDC /* EstimateItemStatus.swift */; };
		C757703A2D0453BC00CDBBDC /* flatDiscountCell.swift in Sources */ = {isa = PBXBuildFile; fileRef = C75770382D0453BC00CDBBDC /* flatDiscountCell.swift */; };
		C757703B2D0453BC00CDBBDC /* flatDiscountCell.xib in Resources */ = {isa = PBXBuildFile; fileRef = C75770392D0453BC00CDBBDC /* flatDiscountCell.xib */; };
		C757703F2D04542800CDBBDC /* flatDiscountCVCell.swift in Sources */ = {isa = PBXBuildFile; fileRef = C757703D2D04542800CDBBDC /* flatDiscountCVCell.swift */; };
		C75770402D04542800CDBBDC /* flatDiscountCVCell.xib in Resources */ = {isa = PBXBuildFile; fileRef = C757703E2D04542800CDBBDC /* flatDiscountCVCell.xib */; };
/* End PBXBuildFile section */

/* Begin PBXFileReference section */
		3E9994702D053F5E0042A69C /* RestaurantsTVC.swift */ = {isa = PBXFileReference; lastKnownFileType = sourcecode.swift; path = RestaurantsTVC.swift; sourceTree = "<group>"; };
		3E9994712D053F5E0042A69C /* RestaurantsTVC.xib */ = {isa = PBXFileReference; lastKnownFileType = file.xib; path = RestaurantsTVC.xib; sourceTree = "<group>"; };
		3E9994762D0547A00042A69C /* DishesTVC.swift */ = {isa = PBXFileReference; lastKnownFileType = sourcecode.swift; path = DishesTVC.swift; sourceTree = "<group>"; };
		3E9994772D0547A00042A69C /* DishesTVC.xib */ = {isa = PBXFileReference; lastKnownFileType = file.xib; path = DishesTVC.xib; sourceTree = "<group>"; };
		3E99947A2D0549CD0042A69C /* DishesCVC.swift */ = {isa = PBXFileReference; lastKnownFileType = sourcecode.swift; path = DishesCVC.swift; sourceTree = "<group>"; };
		3E99947B2D0549CD0042A69C /* DishesCVC.xib */ = {isa = PBXFileReference; lastKnownFileType = file.xib; path = DishesCVC.xib; sourceTree = "<group>"; };
		686A4B872D04A5BC00D4D5BD /* FoodWeekTVCell.swift */ = {isa = PBXFileReference; lastKnownFileType = sourcecode.swift; path = FoodWeekTVCell.swift; sourceTree = "<group>"; };
		686A4B882D04A5BC00D4D5BD /* FoodWeekTVCell.xib */ = {isa = PBXFileReference; lastKnownFileType = file.xib; path = FoodWeekTVCell.xib; sourceTree = "<group>"; };
		686A4B8B2D04A65400D4D5BD /* FoodWeekCollectionViewCell.swift */ = {isa = PBXFileReference; lastKnownFileType = sourcecode.swift; path = FoodWeekCollectionViewCell.swift; sourceTree = "<group>"; };
		686A4B8C2D04A65400D4D5BD /* FoodWeekCollectionViewCell.xib */ = {isa = PBXFileReference; lastKnownFileType = file.xib; path = FoodWeekCollectionViewCell.xib; sourceTree = "<group>"; };
		C7559C592D040F0900DF5907 /* AssignmentSwiggy.app */ = {isa = PBXFileReference; explicitFileType = wrapper.application; includeInIndex = 0; path = AssignmentSwiggy.app; sourceTree = BUILT_PRODUCTS_DIR; };
		C7559C5C2D040F0900DF5907 /* AppDelegate.swift */ = {isa = PBXFileReference; lastKnownFileType = sourcecode.swift; path = AppDelegate.swift; sourceTree = "<group>"; };
		C7559C5E2D040F0900DF5907 /* SceneDelegate.swift */ = {isa = PBXFileReference; lastKnownFileType = sourcecode.swift; path = SceneDelegate.swift; sourceTree = "<group>"; };
		C7559C602D040F0900DF5907 /* MainViewController.swift */ = {isa = PBXFileReference; lastKnownFileType = sourcecode.swift; path = MainViewController.swift; sourceTree = "<group>"; };
		C7559C632D040F0900DF5907 /* Base */ = {isa = PBXFileReference; lastKnownFileType = file.storyboard; name = Base; path = Base.lproj/Main.storyboard; sourceTree = "<group>"; };
		C7559C652D040F0A00DF5907 /* Assets.xcassets */ = {isa = PBXFileReference; lastKnownFileType = folder.assetcatalog; path = Assets.xcassets; sourceTree = "<group>"; };
		C7559C682D040F0A00DF5907 /* Base */ = {isa = PBXFileReference; lastKnownFileType = file.storyboard; name = Base; path = Base.lproj/LaunchScreen.storyboard; sourceTree = "<group>"; };
		C7559C6A2D040F0A00DF5907 /* Info.plist */ = {isa = PBXFileReference; lastKnownFileType = text.plist.xml; path = Info.plist; sourceTree = "<group>"; };
		C7559C702D04106A00DF5907 /* DetailsViewController.swift */ = {isa = PBXFileReference; lastKnownFileType = sourcecode.swift; path = DetailsViewController.swift; sourceTree = "<group>"; };
		C7559C772D041CB700DF5907 /* StickyHeaderView.swift */ = {isa = PBXFileReference; fileEncoding = 4; lastKnownFileType = sourcecode.swift; path = StickyHeaderView.swift; sourceTree = "<group>"; };
		C7559C792D041D4800DF5907 /* StickyHeaderView.xib */ = {isa = PBXFileReference; lastKnownFileType = file.xib; path = StickyHeaderView.xib; sourceTree = "<group>"; };
		C757702F2D042EBA00CDBBDC /* CustomView.swift */ = {isa = PBXFileReference; lastKnownFileType = sourcecode.swift; path = CustomView.swift; sourceTree = "<group>"; };
		C75770312D04320100CDBBDC /* flatOffCVCell.swift */ = {isa = PBXFileReference; lastKnownFileType = sourcecode.swift; path = flatOffCVCell.swift; sourceTree = "<group>"; };
		C75770322D04320100CDBBDC /* flatOffCVCell.xib */ = {isa = PBXFileReference; lastKnownFileType = file.xib; path = flatOffCVCell.xib; sourceTree = "<group>"; };
		C75770352D0444CF00CDBBDC /* EstimateItemStatus.swift */ = {isa = PBXFileReference; lastKnownFileType = sourcecode.swift; path = EstimateItemStatus.swift; sourceTree = "<group>"; };
		C75770382D0453BC00CDBBDC /* flatDiscountCell.swift */ = {isa = PBXFileReference; lastKnownFileType = sourcecode.swift; path = flatDiscountCell.swift; sourceTree = "<group>"; };
		C75770392D0453BC00CDBBDC /* flatDiscountCell.xib */ = {isa = PBXFileReference; lastKnownFileType = file.xib; path = flatDiscountCell.xib; sourceTree = "<group>"; };
		C757703D2D04542800CDBBDC /* flatDiscountCVCell.swift */ = {isa = PBXFileReference; lastKnownFileType = sourcecode.swift; path = flatDiscountCVCell.swift; sourceTree = "<group>"; };
		C757703E2D04542800CDBBDC /* flatDiscountCVCell.xib */ = {isa = PBXFileReference; lastKnownFileType = file.xib; path = flatDiscountCVCell.xib; sourceTree = "<group>"; };
/* End PBXFileReference section */

/* Begin PBXFrameworksBuildPhase section */
		C7559C562D040F0900DF5907 /* Frameworks */ = {
			isa = PBXFrameworksBuildPhase;
			buildActionMask = 2147483647;
			files = (
			);
			runOnlyForDeploymentPostprocessing = 0;
		};
/* End PBXFrameworksBuildPhase section */

/* Begin PBXGroup section */
		686A4B842D04A54900D4D5BD /* FoodWeekend */ = {
			isa = PBXGroup;
			children = (
				686A4B872D04A5BC00D4D5BD /* FoodWeekTVCell.swift */,
				686A4B882D04A5BC00D4D5BD /* FoodWeekTVCell.xib */,
				686A4B8B2D04A65400D4D5BD /* FoodWeekCollectionViewCell.swift */,
				686A4B8C2D04A65400D4D5BD /* FoodWeekCollectionViewCell.xib */,
			);
			path = FoodWeekend;
			sourceTree = "<group>";
		};
		C7559C502D040F0900DF5907 = {
			isa = PBXGroup;
			children = (
				C7559C5B2D040F0900DF5907 /* AssignmentSwiggy */,
				C7559C5A2D040F0900DF5907 /* Products */,
			);
			sourceTree = "<group>";
		};
		C7559C5A2D040F0900DF5907 /* Products */ = {
			isa = PBXGroup;
			children = (
				C7559C592D040F0900DF5907 /* AssignmentSwiggy.app */,
			);
			name = Products;
			sourceTree = "<group>";
		};
		C7559C5B2D040F0900DF5907 /* AssignmentSwiggy */ = {
			isa = PBXGroup;
			children = (
				C7559C5C2D040F0900DF5907 /* AppDelegate.swift */,
				C7559C5E2D040F0900DF5907 /* SceneDelegate.swift */,
				C7559C602D040F0900DF5907 /* MainViewController.swift */,
				C75770372D04538500CDBBDC /* BannerTableView */,
				C7559C702D04106A00DF5907 /* DetailsViewController.swift */,
				C7559C772D041CB700DF5907 /* StickyHeaderView.swift */,
				C757702F2D042EBA00CDBBDC /* CustomView.swift */,
				C75770352D0444CF00CDBBDC /* EstimateItemStatus.swift */,
				C7559C792D041D4800DF5907 /* StickyHeaderView.xib */,
				C7559C622D040F0900DF5907 /* Main.storyboard */,
				C75770312D04320100CDBBDC /* flatOffCVCell.swift */,
				C75770322D04320100CDBBDC /* flatOffCVCell.xib */,
				3E9994702D053F5E0042A69C /* RestaurantsTVC.swift */,
				3E9994712D053F5E0042A69C /* RestaurantsTVC.xib */,
				3E9994762D0547A00042A69C /* DishesTVC.swift */,
				3E9994772D0547A00042A69C /* DishesTVC.xib */,
				3E99947A2D0549CD0042A69C /* DishesCVC.swift */,
				3E99947B2D0549CD0042A69C /* DishesCVC.xib */,
				C7559C652D040F0A00DF5907 /* Assets.xcassets */,
				C7559C672D040F0A00DF5907 /* LaunchScreen.storyboard */,
				C7559C6A2D040F0A00DF5907 /* Info.plist */,
			);
			path = AssignmentSwiggy;
			sourceTree = "<group>";
		};
		C75770372D04538500CDBBDC /* BannerTableView */ = {
			isa = PBXGroup;
			children = (
				686A4B842D04A54900D4D5BD /* FoodWeekend */,
				C757703C2D04540000CDBBDC /* CollectionView */,
			);
			path = BannerTableView;
			sourceTree = "<group>";
		};
		C757703C2D04540000CDBBDC /* CollectionView */ = {
			isa = PBXGroup;
			children = (
				C75770382D0453BC00CDBBDC /* flatDiscountCell.swift */,
				C75770392D0453BC00CDBBDC /* flatDiscountCell.xib */,
				C757703D2D04542800CDBBDC /* flatDiscountCVCell.swift */,
				C757703E2D04542800CDBBDC /* flatDiscountCVCell.xib */,
			);
			path = CollectionView;
			sourceTree = "<group>";
		};
/* End PBXGroup section */

/* Begin PBXNativeTarget section */
		C7559C582D040F0900DF5907 /* AssignmentSwiggy */ = {
			isa = PBXNativeTarget;
			buildConfigurationList = C7559C6D2D040F0A00DF5907 /* Build configuration list for PBXNativeTarget "AssignmentSwiggy" */;
			buildPhases = (
				C7559C552D040F0900DF5907 /* Sources */,
				C7559C562D040F0900DF5907 /* Frameworks */,
				C7559C572D040F0900DF5907 /* Resources */,
			);
			buildRules = (
			);
			dependencies = (
			);
			name = AssignmentSwiggy;
			productName = AssignmentSwiggy;
			productReference = C7559C592D040F0900DF5907 /* AssignmentSwiggy.app */;
			productType = "com.apple.product-type.application";
		};
/* End PBXNativeTarget section */

/* Begin PBXProject section */
		C7559C512D040F0900DF5907 /* Project object */ = {
			isa = PBXProject;
			attributes = {
				BuildIndependentTargetsInParallel = 1;
				LastSwiftUpdateCheck = 1510;
				LastUpgradeCheck = 1510;
				TargetAttributes = {
					C7559C582D040F0900DF5907 = {
						CreatedOnToolsVersion = 15.1;
					};
				};
			};
			buildConfigurationList = C7559C542D040F0900DF5907 /* Build configuration list for PBXProject "AssignmentSwiggy" */;
			compatibilityVersion = "Xcode 14.0";
			developmentRegion = en;
			hasScannedForEncodings = 0;
			knownRegions = (
				en,
				Base,
			);
			mainGroup = C7559C502D040F0900DF5907;
			productRefGroup = C7559C5A2D040F0900DF5907 /* Products */;
			projectDirPath = "";
			projectRoot = "";
			targets = (
				C7559C582D040F0900DF5907 /* AssignmentSwiggy */,
			);
		};
/* End PBXProject section */

/* Begin PBXResourcesBuildPhase section */
		C7559C572D040F0900DF5907 /* Resources */ = {
			isa = PBXResourcesBuildPhase;
			buildActionMask = 2147483647;
			files = (
				686A4B8D2D04A65400D4D5BD /* FoodWeekCollectionViewCell.xib in Resources */,
				C7559C7A2D041D4800DF5907 /* StickyHeaderView.xib in Resources */,
				686A4B892D04A5BC00D4D5BD /* FoodWeekTVCell.xib in Resources */,
				C7559C692D040F0A00DF5907 /* LaunchScreen.storyboard in Resources */,
				C7559C662D040F0A00DF5907 /* Assets.xcassets in Resources */,
				C75770402D04542800CDBBDC /* flatDiscountCVCell.xib in Resources */,
				C7559C642D040F0900DF5907 /* Main.storyboard in Resources */,
				3E9994792D0547A00042A69C /* DishesTVC.xib in Resources */,
				C75770342D04320100CDBBDC /* flatOffCVCell.xib in Resources */,
				3E9994732D053F5E0042A69C /* RestaurantsTVC.xib in Resources */,
				3E99947D2D0549CD0042A69C /* DishesCVC.xib in Resources */,
				C757703B2D0453BC00CDBBDC /* flatDiscountCell.xib in Resources */,
			);
			runOnlyForDeploymentPostprocessing = 0;
		};
/* End PBXResourcesBuildPhase section */

/* Begin PBXSourcesBuildPhase section */
		C7559C552D040F0900DF5907 /* Sources */ = {
			isa = PBXSourcesBuildPhase;
			buildActionMask = 2147483647;
			files = (
				C757703A2D0453BC00CDBBDC /* flatDiscountCell.swift in Sources */,
				C7559C782D041CB800DF5907 /* StickyHeaderView.swift in Sources */,
				C7559C612D040F0900DF5907 /* MainViewController.swift in Sources */,
				C75770362D0444CF00CDBBDC /* EstimateItemStatus.swift in Sources */,
				686A4B8E2D04A65400D4D5BD /* FoodWeekCollectionViewCell.swift in Sources */,
				3E99947C2D0549CD0042A69C /* DishesCVC.swift in Sources */,
				C7559C5D2D040F0900DF5907 /* AppDelegate.swift in Sources */,
				C75770332D04320100CDBBDC /* flatOffCVCell.swift in Sources */,
				3E9994782D0547A00042A69C /* DishesTVC.swift in Sources */,
				C757703F2D04542800CDBBDC /* flatDiscountCVCell.swift in Sources */,
				C75770302D042EBA00CDBBDC /* CustomView.swift in Sources */,
				3E9994722D053F5E0042A69C /* RestaurantsTVC.swift in Sources */,
				C7559C5F2D040F0900DF5907 /* SceneDelegate.swift in Sources */,
				C7559C712D04106A00DF5907 /* DetailsViewController.swift in Sources */,
				686A4B8A2D04A5BC00D4D5BD /* FoodWeekTVCell.swift in Sources */,
			);
			runOnlyForDeploymentPostprocessing = 0;
		};
/* End PBXSourcesBuildPhase section */

/* Begin PBXVariantGroup section */
		C7559C622D040F0900DF5907 /* Main.storyboard */ = {
			isa = PBXVariantGroup;
			children = (
				C7559C632D040F0900DF5907 /* Base */,
			);
			name = Main.storyboard;
			sourceTree = "<group>";
		};
		C7559C672D040F0A00DF5907 /* LaunchScreen.storyboard */ = {
			isa = PBXVariantGroup;
			children = (
				C7559C682D040F0A00DF5907 /* Base */,
			);
			name = LaunchScreen.storyboard;
			sourceTree = "<group>";
		};
/* End PBXVariantGroup section */

/* Begin XCBuildConfiguration section */
		C7559C6B2D040F0A00DF5907 /* Debug */ = {
			isa = XCBuildConfiguration;
			buildSettings = {
				ALWAYS_SEARCH_USER_PATHS = NO;
				ASSETCATALOG_COMPILER_GENERATE_SWIFT_ASSET_SYMBOL_EXTENSIONS = YES;
				CLANG_ANALYZER_NONNULL = YES;
				CLANG_ANALYZER_NUMBER_OBJECT_CONVERSION = YES_AGGRESSIVE;
				CLANG_CXX_LANGUAGE_STANDARD = "gnu++20";
				CLANG_ENABLE_MODULES = YES;
				CLANG_ENABLE_OBJC_ARC = YES;
				CLANG_ENABLE_OBJC_WEAK = YES;
				CLANG_WARN_BLOCK_CAPTURE_AUTORELEASING = YES;
				CLANG_WARN_BOOL_CONVERSION = YES;
				CLANG_WARN_COMMA = YES;
				CLANG_WARN_CONSTANT_CONVERSION = YES;
				CLANG_WARN_DEPRECATED_OBJC_IMPLEMENTATIONS = YES;
				CLANG_WARN_DIRECT_OBJC_ISA_USAGE = YES_ERROR;
				CLANG_WARN_DOCUMENTATION_COMMENTS = YES;
				CLANG_WARN_EMPTY_BODY = YES;
				CLANG_WARN_ENUM_CONVERSION = YES;
				CLANG_WARN_INFINITE_RECURSION = YES;
				CLANG_WARN_INT_CONVERSION = YES;
				CLANG_WARN_NON_LITERAL_NULL_CONVERSION = YES;
				CLANG_WARN_OBJC_IMPLICIT_RETAIN_SELF = YES;
				CLANG_WARN_OBJC_LITERAL_CONVERSION = YES;
				CLANG_WARN_OBJC_ROOT_CLASS = YES_ERROR;
				CLANG_WARN_QUOTED_INCLUDE_IN_FRAMEWORK_HEADER = YES;
				CLANG_WARN_RANGE_LOOP_ANALYSIS = YES;
				CLANG_WARN_STRICT_PROTOTYPES = YES;
				CLANG_WARN_SUSPICIOUS_MOVE = YES;
				CLANG_WARN_UNGUARDED_AVAILABILITY = YES_AGGRESSIVE;
				CLANG_WARN_UNREACHABLE_CODE = YES;
				CLANG_WARN__DUPLICATE_METHOD_MATCH = YES;
				COPY_PHASE_STRIP = NO;
				DEBUG_INFORMATION_FORMAT = dwarf;
				ENABLE_STRICT_OBJC_MSGSEND = YES;
				ENABLE_TESTABILITY = YES;
				ENABLE_USER_SCRIPT_SANDBOXING = YES;
				GCC_C_LANGUAGE_STANDARD = gnu17;
				GCC_DYNAMIC_NO_PIC = NO;
				GCC_NO_COMMON_BLOCKS = YES;
				GCC_OPTIMIZATION_LEVEL = 0;
				GCC_PREPROCESSOR_DEFINITIONS = (
					"DEBUG=1",
					"$(inherited)",
				);
				GCC_WARN_64_TO_32_BIT_CONVERSION = YES;
				GCC_WARN_ABOUT_RETURN_TYPE = YES_ERROR;
				GCC_WARN_UNDECLARED_SELECTOR = YES;
				GCC_WARN_UNINITIALIZED_AUTOS = YES_AGGRESSIVE;
				GCC_WARN_UNUSED_FUNCTION = YES;
				GCC_WARN_UNUSED_VARIABLE = YES;
				IPHONEOS_DEPLOYMENT_TARGET = 17.2;
				LOCALIZATION_PREFERS_STRING_CATALOGS = YES;
				MTL_ENABLE_DEBUG_INFO = INCLUDE_SOURCE;
				MTL_FAST_MATH = YES;
				ONLY_ACTIVE_ARCH = YES;
				SDKROOT = iphoneos;
				SWIFT_ACTIVE_COMPILATION_CONDITIONS = "DEBUG $(inherited)";
				SWIFT_OPTIMIZATION_LEVEL = "-Onone";
			};
			name = Debug;
		};
		C7559C6C2D040F0A00DF5907 /* Release */ = {
			isa = XCBuildConfiguration;
			buildSettings = {
				ALWAYS_SEARCH_USER_PATHS = NO;
				ASSETCATALOG_COMPILER_GENERATE_SWIFT_ASSET_SYMBOL_EXTENSIONS = YES;
				CLANG_ANALYZER_NONNULL = YES;
				CLANG_ANALYZER_NUMBER_OBJECT_CONVERSION = YES_AGGRESSIVE;
				CLANG_CXX_LANGUAGE_STANDARD = "gnu++20";
				CLANG_ENABLE_MODULES = YES;
				CLANG_ENABLE_OBJC_ARC = YES;
				CLANG_ENABLE_OBJC_WEAK = YES;
				CLANG_WARN_BLOCK_CAPTURE_AUTORELEASING = YES;
				CLANG_WARN_BOOL_CONVERSION = YES;
				CLANG_WARN_COMMA = YES;
				CLANG_WARN_CONSTANT_CONVERSION = YES;
				CLANG_WARN_DEPRECATED_OBJC_IMPLEMENTATIONS = YES;
				CLANG_WARN_DIRECT_OBJC_ISA_USAGE = YES_ERROR;
				CLANG_WARN_DOCUMENTATION_COMMENTS = YES;
				CLANG_WARN_EMPTY_BODY = YES;
				CLANG_WARN_ENUM_CONVERSION = YES;
				CLANG_WARN_INFINITE_RECURSION = YES;
				CLANG_WARN_INT_CONVERSION = YES;
				CLANG_WARN_NON_LITERAL_NULL_CONVERSION = YES;
				CLANG_WARN_OBJC_IMPLICIT_RETAIN_SELF = YES;
				CLANG_WARN_OBJC_LITERAL_CONVERSION = YES;
				CLANG_WARN_OBJC_ROOT_CLASS = YES_ERROR;
				CLANG_WARN_QUOTED_INCLUDE_IN_FRAMEWORK_HEADER = YES;
				CLANG_WARN_RANGE_LOOP_ANALYSIS = YES;
				CLANG_WARN_STRICT_PROTOTYPES = YES;
				CLANG_WARN_SUSPICIOUS_MOVE = YES;
				CLANG_WARN_UNGUARDED_AVAILABILITY = YES_AGGRESSIVE;
				CLANG_WARN_UNREACHABLE_CODE = YES;
				CLANG_WARN__DUPLICATE_METHOD_MATCH = YES;
				COPY_PHASE_STRIP = NO;
				DEBUG_INFORMATION_FORMAT = "dwarf-with-dsym";
				ENABLE_NS_ASSERTIONS = NO;
				ENABLE_STRICT_OBJC_MSGSEND = YES;
				ENABLE_USER_SCRIPT_SANDBOXING = YES;
				GCC_C_LANGUAGE_STANDARD = gnu17;
				GCC_NO_COMMON_BLOCKS = YES;
				GCC_WARN_64_TO_32_BIT_CONVERSION = YES;
				GCC_WARN_ABOUT_RETURN_TYPE = YES_ERROR;
				GCC_WARN_UNDECLARED_SELECTOR = YES;
				GCC_WARN_UNINITIALIZED_AUTOS = YES_AGGRESSIVE;
				GCC_WARN_UNUSED_FUNCTION = YES;
				GCC_WARN_UNUSED_VARIABLE = YES;
				IPHONEOS_DEPLOYMENT_TARGET = 17.2;
				LOCALIZATION_PREFERS_STRING_CATALOGS = YES;
				MTL_ENABLE_DEBUG_INFO = NO;
				MTL_FAST_MATH = YES;
				SDKROOT = iphoneos;
				SWIFT_COMPILATION_MODE = wholemodule;
				VALIDATE_PRODUCT = YES;
			};
			name = Release;
		};
		C7559C6E2D040F0A00DF5907 /* Debug */ = {
			isa = XCBuildConfiguration;
			buildSettings = {
				ASSETCATALOG_COMPILER_APPICON_NAME = AppIcon;
				ASSETCATALOG_COMPILER_GLOBAL_ACCENT_COLOR_NAME = AccentColor;
				CODE_SIGN_STYLE = Automatic;
				CURRENT_PROJECT_VERSION = 1;
				DEVELOPMENT_TEAM = 64L94BA337;
				GENERATE_INFOPLIST_FILE = YES;
				INFOPLIST_FILE = AssignmentSwiggy/Info.plist;
				INFOPLIST_KEY_UIApplicationSupportsIndirectInputEvents = YES;
				INFOPLIST_KEY_UILaunchStoryboardName = LaunchScreen;
				INFOPLIST_KEY_UIMainStoryboardFile = Main;
				INFOPLIST_KEY_UISupportedInterfaceOrientations_iPad = "UIInterfaceOrientationPortrait UIInterfaceOrientationPortraitUpsideDown UIInterfaceOrientationLandscapeLeft UIInterfaceOrientationLandscapeRight";
				INFOPLIST_KEY_UISupportedInterfaceOrientations_iPhone = "UIInterfaceOrientationPortrait UIInterfaceOrientationLandscapeLeft UIInterfaceOrientationLandscapeRight";
				LD_RUNPATH_SEARCH_PATHS = (
					"$(inherited)",
					"@executable_path/Frameworks",
				);
				MARKETING_VERSION = 1.0;
				PRODUCT_BUNDLE_IDENTIFIER = com.avinashg;
				PRODUCT_NAME = "$(TARGET_NAME)";
				SWIFT_EMIT_LOC_STRINGS = YES;
				SWIFT_VERSION = 5.0;
				TARGETED_DEVICE_FAMILY = "1,2";
			};
			name = Debug;
		};
		C7559C6F2D040F0A00DF5907 /* Release */ = {
			isa = XCBuildConfiguration;
			buildSettings = {
				ASSETCATALOG_COMPILER_APPICON_NAME = AppIcon;
				ASSETCATALOG_COMPILER_GLOBAL_ACCENT_COLOR_NAME = AccentColor;
				CODE_SIGN_STYLE = Automatic;
				CURRENT_PROJECT_VERSION = 1;
				DEVELOPMENT_TEAM = 64L94BA337;
				GENERATE_INFOPLIST_FILE = YES;
				INFOPLIST_FILE = AssignmentSwiggy/Info.plist;
				INFOPLIST_KEY_UIApplicationSupportsIndirectInputEvents = YES;
				INFOPLIST_KEY_UILaunchStoryboardName = LaunchScreen;
				INFOPLIST_KEY_UIMainStoryboardFile = Main;
				INFOPLIST_KEY_UISupportedInterfaceOrientations_iPad = "UIInterfaceOrientationPortrait UIInterfaceOrientationPortraitUpsideDown UIInterfaceOrientationLandscapeLeft UIInterfaceOrientationLandscapeRight";
				INFOPLIST_KEY_UISupportedInterfaceOrientations_iPhone = "UIInterfaceOrientationPortrait UIInterfaceOrientationLandscapeLeft UIInterfaceOrientationLandscapeRight";
				LD_RUNPATH_SEARCH_PATHS = (
					"$(inherited)",
					"@executable_path/Frameworks",
				);
				MARKETING_VERSION = 1.0;
				PRODUCT_BUNDLE_IDENTIFIER = com.avinashg;
				PRODUCT_NAME = "$(TARGET_NAME)";
				SWIFT_EMIT_LOC_STRINGS = YES;
				SWIFT_VERSION = 5.0;
				TARGETED_DEVICE_FAMILY = "1,2";
			};
			name = Release;
		};
/* End XCBuildConfiguration section */

/* Begin XCConfigurationList section */
		C7559C542D040F0900DF5907 /* Build configuration list for PBXProject "AssignmentSwiggy" */ = {
			isa = XCConfigurationList;
			buildConfigurations = (
				C7559C6B2D040F0A00DF5907 /* Debug */,
				C7559C6C2D040F0A00DF5907 /* Release */,
			);
			defaultConfigurationIsVisible = 0;
			defaultConfigurationName = Release;
		};
		C7559C6D2D040F0A00DF5907 /* Build configuration list for PBXNativeTarget "AssignmentSwiggy" */ = {
			isa = XCConfigurationList;
			buildConfigurations = (
				C7559C6E2D040F0A00DF5907 /* Debug */,
				C7559C6F2D040F0A00DF5907 /* Release */,
			);
			defaultConfigurationIsVisible = 0;
			defaultConfigurationName = Release;
		};
/* End XCConfigurationList section */
	};
	rootObject = C7559C512D040F0900DF5907 /* Project object */;
}
